version = 1
revision = 1
requires-python = ">=3.13"

[[package]]
name = "aiofiles"
version = "24.1.0"
source = { registry = "https://pypi.org/simple" }
sdist = { url = "https://files.pythonhosted.org/packages/0b/03/a88171e277e8caa88a4c77808c20ebb04ba74cc4681bf1e9416c862de237/aiofiles-24.1.0.tar.gz", hash = "sha256:22a075c9e5a3810f0c2e48f3008c94d68c65d763b9b03857924c99e57355166c", size = 30247 }
wheels = [
    { url = "https://files.pythonhosted.org/packages/a5/45/30bb92d442636f570cb5651bc661f52b610e2eec3f891a5dc3a4c3667db0/aiofiles-24.1.0-py3-none-any.whl", hash = "sha256:b4ec55f4195e3eb5d7abd1bf7e061763e864dd4954231fb8539a0ef8bb8260e5", size = 15896 },
]

[[package]]
name = "argcomplete"
version = "3.6.2"
source = { registry = "https://pypi.org/simple" }
sdist = { url = "https://files.pythonhosted.org/packages/16/0f/861e168fc813c56a78b35f3c30d91c6757d1fd185af1110f1aec784b35d0/argcomplete-3.6.2.tar.gz", hash = "sha256:d0519b1bc867f5f4f4713c41ad0aba73a4a5f007449716b16f385f2166dc6adf", size = 73403 }
wheels = [
    { url = "https://files.pythonhosted.org/packages/31/da/e42d7a9d8dd33fa775f467e4028a47936da2f01e4b0e561f9ba0d74cb0ca/argcomplete-3.6.2-py3-none-any.whl", hash = "sha256:65b3133a29ad53fb42c48cf5114752c7ab66c1c38544fdf6460f450c09b42591", size = 43708 },
]

[[package]]
name = "attrs"
version = "25.3.0"
source = { registry = "https://pypi.org/simple" }
sdist = { url = "https://files.pythonhosted.org/packages/5a/b0/1367933a8532ee6ff8d63537de4f1177af4bff9f3e829baf7331f595bb24/attrs-25.3.0.tar.gz", hash = "sha256:75d7cefc7fb576747b2c81b4442d4d4a1ce0900973527c011d1030fd3bf4af1b", size = 812032 }
wheels = [
    { url = "https://files.pythonhosted.org/packages/77/06/bb80f5f86020c4551da315d78b3ab75e8228f89f0162f2c3a819e407941a/attrs-25.3.0-py3-none-any.whl", hash = "sha256:427318ce031701fea540783410126f03899a97ffc6f61596ad581ac2e40e3bc3", size = 63815 },
]

[[package]]
name = "casino"
version = "0.1.0"
source = { virtual = "." }
dependencies = [
    { name = "ruff" },
]

[package.dev-dependencies]
backend = [
    { name = "msgspec" },
    { name = "sanic" },
]
dev = [
    { name = "nox" },
    { name = "pyright" },
]

[package.metadata]
requires-dist = [{ name = "ruff", specifier = ">=0.11.7" }]

[package.metadata.requires-dev]
backend = [
    { name = "msgspec", specifier = ">=0.19.0" },
    { name = "sanic", specifier = ">=25.3.0" },
]
dev = [
    { name = "nox", specifier = ">=2025.2.9" },
    { name = "pyright", specifier = ">=1.1.400" },
]
fronted = []

[[package]]
name = "colorama"
version = "0.4.6"
source = { registry = "https://pypi.org/simple" }
sdist = { url = "https://files.pythonhosted.org/packages/d8/53/6f443c9a4a8358a93a6792e2acffb9d9d5cb0a5cfd8802644b7b1c9a02e4/colorama-0.4.6.tar.gz", hash = "sha256:08695f5cb7ed6e0531a20572697297273c47b8cae5a63ffc6d6ed5c201be6e44", size = 27697 }
wheels = [
    { url = "https://files.pythonhosted.org/packages/d1/d6/3965ed04c63042e047cb6a3e6ed1a63a35087b6a609aa3a15ed8ac56c221/colorama-0.4.6-py2.py3-none-any.whl", hash = "sha256:4f1d9991f5acc0ca119f9d443620b77f9d6b33703e51011c16baf57afb285fc6", size = 25335 },
]

[[package]]
name = "colorlog"
version = "6.9.0"
source = { registry = "https://pypi.org/simple" }
dependencies = [
    { name = "colorama", marker = "sys_platform == 'win32'" },
]
sdist = { url = "https://files.pythonhosted.org/packages/d3/7a/359f4d5df2353f26172b3cc39ea32daa39af8de522205f512f458923e677/colorlog-6.9.0.tar.gz", hash = "sha256:bfba54a1b93b94f54e1f4fe48395725a3d92fd2a4af702f6bd70946bdc0c6ac2", size = 16624 }
wheels = [
    { url = "https://files.pythonhosted.org/packages/e3/51/9b208e85196941db2f0654ad0357ca6388ab3ed67efdbfc799f35d1f83aa/colorlog-6.9.0-py3-none-any.whl", hash = "sha256:5906e71acd67cb07a71e779c47c4bcb45fb8c2993eebe9e5adcd6a6f1b283eff", size = 11424 },
]

[[package]]
name = "dependency-groups"
version = "1.3.0"
source = { registry = "https://pypi.org/simple" }
dependencies = [
    { name = "packaging" },
]
sdist = { url = "https://files.pythonhosted.org/packages/b4/57/cd53c3e335eafbb0894449af078e2b71db47e9939ce2b45013e5a9fe89b7/dependency_groups-1.3.0.tar.gz", hash = "sha256:5b9751d5d98fbd6dfd038a560a69c8382e41afcbf7ffdbcc28a2a3f85498830f", size = 9832 }
wheels = [
    { url = "https://files.pythonhosted.org/packages/99/2c/3e3afb1df3dc8a8deeb143f6ac41acbfdfae4f03a54c760871c56832a554/dependency_groups-1.3.0-py3-none-any.whl", hash = "sha256:1abf34d712deda5581e80d507512664d52b35d1c2d7caf16c85e58ca508547e0", size = 8597 },
]

[[package]]
name = "distlib"
version = "0.3.9"
source = { registry = "https://pypi.org/simple" }
sdist = { url = "https://files.pythonhosted.org/packages/0d/dd/1bec4c5ddb504ca60fc29472f3d27e8d4da1257a854e1d96742f15c1d02d/distlib-0.3.9.tar.gz", hash = "sha256:a60f20dea646b8a33f3e7772f74dc0b2d0772d2837ee1342a00645c81edf9403", size = 613923 }
wheels = [
    { url = "https://files.pythonhosted.org/packages/91/a1/cf2472db20f7ce4a6be1253a81cfdf85ad9c7885ffbed7047fb72c24cf87/distlib-0.3.9-py2.py3-none-any.whl", hash = "sha256:47f8c22fd27c27e25a65601af709b38e4f0a45ea4fc2e710f65755fa8caaaf87", size = 468973 },
]

[[package]]
name = "filelock"
version = "3.18.0"
source = { registry = "https://pypi.org/simple" }
sdist = { url = "https://files.pythonhosted.org/packages/0a/10/c23352565a6544bdc5353e0b15fc1c563352101f30e24bf500207a54df9a/filelock-3.18.0.tar.gz", hash = "sha256:adbc88eabb99d2fec8c9c1b229b171f18afa655400173ddc653d5d01501fb9f2", size = 18075 }
wheels = [
    { url = "https://files.pythonhosted.org/packages/4d/36/2a115987e2d8c300a974597416d9de88f2444426de9571f4b59b2cca3acc/filelock-3.18.0-py3-none-any.whl", hash = "sha256:c401f4f8377c4464e6db25fff06205fd89bdd83b65eb0488ed1b160f780e21de", size = 16215 },
]

[[package]]
name = "html5tagger"
version = "1.3.0"
source = { registry = "https://pypi.org/simple" }
sdist = { url = "https://files.pythonhosted.org/packages/9e/02/2ae5f46d517a2c1d4a17f2b1e4834c2c7cc0fb3a69c92389172fa16ab389/html5tagger-1.3.0.tar.gz", hash = "sha256:84fa3dfb49e5c83b79bbd856ab7b1de8e2311c3bb46a8be925f119e3880a8da9", size = 14196 }
wheels = [
    { url = "https://files.pythonhosted.org/packages/9b/12/2f5d43ee912ea14a6baba4b3db6d309b02d932e3b7074c3339b4aded98ff/html5tagger-1.3.0-py3-none-any.whl", hash = "sha256:ce14313515edffec8ed8a36c5890d023922641171b4e6e5774ad1a74998f5351", size = 10956 },
]

[[package]]
name = "httptools"
version = "0.6.4"
source = { registry = "https://pypi.org/simple" }
sdist = { url = "https://files.pythonhosted.org/packages/a7/9a/ce5e1f7e131522e6d3426e8e7a490b3a01f39a6696602e1c4f33f9e94277/httptools-0.6.4.tar.gz", hash = "sha256:4e93eee4add6493b59a5c514da98c939b244fce4a0d8879cd3f466562f4b7d5c", size = 240639 }
wheels = [
    { url = "https://files.pythonhosted.org/packages/94/a3/9fe9ad23fd35f7de6b91eeb60848986058bd8b5a5c1e256f5860a160cc3e/httptools-0.6.4-cp313-cp313-macosx_10_13_universal2.whl", hash = "sha256:ade273d7e767d5fae13fa637f4d53b6e961fb7fd93c7797562663f0171c26660", size = 197214 },
    { url = "https://files.pythonhosted.org/packages/ea/d9/82d5e68bab783b632023f2fa31db20bebb4e89dfc4d2293945fd68484ee4/httptools-0.6.4-cp313-cp313-macosx_11_0_arm64.whl", hash = "sha256:856f4bc0478ae143bad54a4242fccb1f3f86a6e1be5548fecfd4102061b3a083", size = 102431 },
    { url = "https://files.pythonhosted.org/packages/96/c1/cb499655cbdbfb57b577734fde02f6fa0bbc3fe9fb4d87b742b512908dff/httptools-0.6.4-cp313-cp313-manylinux_2_17_aarch64.manylinux2014_aarch64.whl", hash = "sha256:322d20ea9cdd1fa98bd6a74b77e2ec5b818abdc3d36695ab402a0de8ef2865a3", size = 473121 },
    { url = "https://files.pythonhosted.org/packages/af/71/ee32fd358f8a3bb199b03261f10921716990808a675d8160b5383487a317/httptools-0.6.4-cp313-cp313-manylinux_2_5_x86_64.manylinux1_x86_64.manylinux_2_17_x86_64.manylinux2014_x86_64.whl", hash = "sha256:4d87b29bd4486c0093fc64dea80231f7c7f7eb4dc70ae394d70a495ab8436071", size = 473805 },
    { url = "https://files.pythonhosted.org/packages/8a/0a/0d4df132bfca1507114198b766f1737d57580c9ad1cf93c1ff673e3387be/httptools-0.6.4-cp313-cp313-musllinux_1_2_aarch64.whl", hash = "sha256:342dd6946aa6bda4b8f18c734576106b8a31f2fe31492881a9a160ec84ff4bd5", size = 448858 },
    { url = "https://files.pythonhosted.org/packages/1e/6a/787004fdef2cabea27bad1073bf6a33f2437b4dbd3b6fb4a9d71172b1c7c/httptools-0.6.4-cp313-cp313-musllinux_1_2_x86_64.whl", hash = "sha256:4b36913ba52008249223042dca46e69967985fb4051951f94357ea681e1f5dc0", size = 452042 },
    { url = "https://files.pythonhosted.org/packages/4d/dc/7decab5c404d1d2cdc1bb330b1bf70e83d6af0396fd4fc76fc60c0d522bf/httptools-0.6.4-cp313-cp313-win_amd64.whl", hash = "sha256:28908df1b9bb8187393d5b5db91435ccc9c8e891657f9cbb42a2541b44c82fc8", size = 87682 },
]

[[package]]
name = "msgspec"
version = "0.19.0"
source = { registry = "https://pypi.org/simple" }
sdist = { url = "https://files.pythonhosted.org/packages/cf/9b/95d8ce458462b8b71b8a70fa94563b2498b89933689f3a7b8911edfae3d7/msgspec-0.19.0.tar.gz", hash = "sha256:604037e7cd475345848116e89c553aa9a233259733ab51986ac924ab1b976f8e", size = 216934 }
wheels = [
    { url = "https://files.pythonhosted.org/packages/3c/cb/2842c312bbe618d8fefc8b9cedce37f773cdc8fa453306546dba2c21fd98/msgspec-0.19.0-cp313-cp313-macosx_10_13_x86_64.whl", hash = "sha256:f12d30dd6266557aaaf0aa0f9580a9a8fbeadfa83699c487713e355ec5f0bd86", size = 190498 },
    { url = "https://files.pythonhosted.org/packages/58/95/c40b01b93465e1a5f3b6c7d91b10fb574818163740cc3acbe722d1e0e7e4/msgspec-0.19.0-cp313-cp313-macosx_11_0_arm64.whl", hash = "sha256:82b2c42c1b9ebc89e822e7e13bbe9d17ede0c23c187469fdd9505afd5a481314", size = 183950 },
    { url = "https://files.pythonhosted.org/packages/e8/f0/5b764e066ce9aba4b70d1db8b087ea66098c7c27d59b9dd8a3532774d48f/msgspec-0.19.0-cp313-cp313-manylinux_2_17_aarch64.manylinux2014_aarch64.whl", hash = "sha256:19746b50be214a54239aab822964f2ac81e38b0055cca94808359d779338c10e", size = 210647 },
    { url = "https://files.pythonhosted.org/packages/9d/87/bc14f49bc95c4cb0dd0a8c56028a67c014ee7e6818ccdce74a4862af259b/msgspec-0.19.0-cp313-cp313-manylinux_2_17_x86_64.manylinux2014_x86_64.whl", hash = "sha256:60ef4bdb0ec8e4ad62e5a1f95230c08efb1f64f32e6e8dd2ced685bcc73858b5", size = 213563 },
    { url = "https://files.pythonhosted.org/packages/53/2f/2b1c2b056894fbaa975f68f81e3014bb447516a8b010f1bed3fb0e016ed7/msgspec-0.19.0-cp313-cp313-musllinux_1_2_aarch64.whl", hash = "sha256:ac7f7c377c122b649f7545810c6cd1b47586e3aa3059126ce3516ac7ccc6a6a9", size = 213996 },
    { url = "https://files.pythonhosted.org/packages/aa/5a/4cd408d90d1417e8d2ce6a22b98a6853c1b4d7cb7669153e4424d60087f6/msgspec-0.19.0-cp313-cp313-musllinux_1_2_x86_64.whl", hash = "sha256:a5bc1472223a643f5ffb5bf46ccdede7f9795078194f14edd69e3aab7020d327", size = 219087 },
    { url = "https://files.pythonhosted.org/packages/23/d8/f15b40611c2d5753d1abb0ca0da0c75348daf1252220e5dda2867bd81062/msgspec-0.19.0-cp313-cp313-win_amd64.whl", hash = "sha256:317050bc0f7739cb30d257ff09152ca309bf5a369854bbf1e57dffc310c1f20f", size = 187432 },
]

[[package]]
name = "multidict"
version = "6.4.3"
source = { registry = "https://pypi.org/simple" }
sdist = { url = "https://files.pythonhosted.org/packages/da/2c/e367dfb4c6538614a0c9453e510d75d66099edf1c4e69da1b5ce691a1931/multidict-6.4.3.tar.gz", hash = "sha256:3ada0b058c9f213c5f95ba301f922d402ac234f1111a7d8fd70f1b99f3c281ec", size = 89372 }
wheels = [
    { url = "https://files.pythonhosted.org/packages/6c/4b/86fd786d03915c6f49998cf10cd5fe6b6ac9e9a071cb40885d2e080fb90d/multidict-6.4.3-cp313-cp313-macosx_10_13_universal2.whl", hash = "sha256:7a76534263d03ae0cfa721fea40fd2b5b9d17a6f85e98025931d41dc49504474", size = 63831 },
    { url = "https://files.pythonhosted.org/packages/45/05/9b51fdf7aef2563340a93be0a663acba2c428c4daeaf3960d92d53a4a930/multidict-6.4.3-cp313-cp313-macosx_10_13_x86_64.whl", hash = "sha256:805031c2f599eee62ac579843555ed1ce389ae00c7e9f74c2a1b45e0564a88dd", size = 37888 },
    { url = "https://files.pythonhosted.org/packages/0b/43/53fc25394386c911822419b522181227ca450cf57fea76e6188772a1bd91/multidict-6.4.3-cp313-cp313-macosx_11_0_arm64.whl", hash = "sha256:c56c179839d5dcf51d565132185409d1d5dd8e614ba501eb79023a6cab25576b", size = 36852 },
    { url = "https://files.pythonhosted.org/packages/8a/68/7b99c751e822467c94a235b810a2fd4047d4ecb91caef6b5c60116991c4b/multidict-6.4.3-cp313-cp313-manylinux_2_17_aarch64.manylinux2014_aarch64.whl", hash = "sha256:9c64f4ddb3886dd8ab71b68a7431ad4aa01a8fa5be5b11543b29674f29ca0ba3", size = 223644 },
    { url = "https://files.pythonhosted.org/packages/80/1b/d458d791e4dd0f7e92596667784fbf99e5c8ba040affe1ca04f06b93ae92/multidict-6.4.3-cp313-cp313-manylinux_2_17_armv7l.manylinux2014_armv7l.manylinux_2_31_armv7l.whl", hash = "sha256:3002a856367c0b41cad6784f5b8d3ab008eda194ed7864aaa58f65312e2abcac", size = 230446 },
    { url = "https://files.pythonhosted.org/packages/e2/46/9793378d988905491a7806d8987862dc5a0bae8a622dd896c4008c7b226b/multidict-6.4.3-cp313-cp313-manylinux_2_17_ppc64le.manylinux2014_ppc64le.whl", hash = "sha256:3d75e621e7d887d539d6e1d789f0c64271c250276c333480a9e1de089611f790", size = 231070 },
    { url = "https://files.pythonhosted.org/packages/a7/b8/b127d3e1f8dd2a5bf286b47b24567ae6363017292dc6dec44656e6246498/multidict-6.4.3-cp313-cp313-manylinux_2_17_s390x.manylinux2014_s390x.whl", hash = "sha256:995015cf4a3c0d72cbf453b10a999b92c5629eaf3a0c3e1efb4b5c1f602253bb", size = 229956 },
    { url = "https://files.pythonhosted.org/packages/0c/93/f70a4c35b103fcfe1443059a2bb7f66e5c35f2aea7804105ff214f566009/multidict-6.4.3-cp313-cp313-manylinux_2_17_x86_64.manylinux2014_x86_64.whl", hash = "sha256:a2b0fabae7939d09d7d16a711468c385272fa1b9b7fb0d37e51143585d8e72e0", size = 222599 },
    { url = "https://files.pythonhosted.org/packages/63/8c/e28e0eb2fe34921d6aa32bfc4ac75b09570b4d6818cc95d25499fe08dc1d/multidict-6.4.3-cp313-cp313-manylinux_2_5_i686.manylinux1_i686.manylinux_2_17_i686.manylinux2014_i686.whl", hash = "sha256:61ed4d82f8a1e67eb9eb04f8587970d78fe7cddb4e4d6230b77eda23d27938f9", size = 216136 },
    { url = "https://files.pythonhosted.org/packages/72/f5/fbc81f866585b05f89f99d108be5d6ad170e3b6c4d0723d1a2f6ba5fa918/multidict-6.4.3-cp313-cp313-musllinux_1_2_aarch64.whl", hash = "sha256:062428944a8dc69df9fdc5d5fc6279421e5f9c75a9ee3f586f274ba7b05ab3c8", size = 228139 },
    { url = "https://files.pythonhosted.org/packages/bb/ba/7d196bad6b85af2307d81f6979c36ed9665f49626f66d883d6c64d156f78/multidict-6.4.3-cp313-cp313-musllinux_1_2_armv7l.whl", hash = "sha256:b90e27b4674e6c405ad6c64e515a505c6d113b832df52fdacb6b1ffd1fa9a1d1", size = 226251 },
    { url = "https://files.pythonhosted.org/packages/cc/e2/fae46a370dce79d08b672422a33df721ec8b80105e0ea8d87215ff6b090d/multidict-6.4.3-cp313-cp313-musllinux_1_2_i686.whl", hash = "sha256:7d50d4abf6729921e9613d98344b74241572b751c6b37feed75fb0c37bd5a817", size = 221868 },
    { url = "https://files.pythonhosted.org/packages/26/20/bbc9a3dec19d5492f54a167f08546656e7aef75d181d3d82541463450e88/multidict-6.4.3-cp313-cp313-musllinux_1_2_ppc64le.whl", hash = "sha256:43fe10524fb0a0514be3954be53258e61d87341008ce4914f8e8b92bee6f875d", size = 233106 },
    { url = "https://files.pythonhosted.org/packages/ee/8d/f30ae8f5ff7a2461177f4d8eb0d8f69f27fb6cfe276b54ec4fd5a282d918/multidict-6.4.3-cp313-cp313-musllinux_1_2_s390x.whl", hash = "sha256:236966ca6c472ea4e2d3f02f6673ebfd36ba3f23159c323f5a496869bc8e47c9", size = 230163 },
    { url = "https://files.pythonhosted.org/packages/15/e9/2833f3c218d3c2179f3093f766940ded6b81a49d2e2f9c46ab240d23dfec/multidict-6.4.3-cp313-cp313-musllinux_1_2_x86_64.whl", hash = "sha256:422a5ec315018e606473ba1f5431e064cf8b2a7468019233dcf8082fabad64c8", size = 225906 },
    { url = "https://files.pythonhosted.org/packages/f1/31/6edab296ac369fd286b845fa5dd4c409e63bc4655ed8c9510fcb477e9ae9/multidict-6.4.3-cp313-cp313-win32.whl", hash = "sha256:f901a5aace8e8c25d78960dcc24c870c8d356660d3b49b93a78bf38eb682aac3", size = 35238 },
    { url = "https://files.pythonhosted.org/packages/23/57/2c0167a1bffa30d9a1383c3dab99d8caae985defc8636934b5668830d2ef/multidict-6.4.3-cp313-cp313-win_amd64.whl", hash = "sha256:1c152c49e42277bc9a2f7b78bd5fa10b13e88d1b0328221e7aef89d5c60a99a5", size = 38799 },
    { url = "https://files.pythonhosted.org/packages/c9/13/2ead63b9ab0d2b3080819268acb297bd66e238070aa8d42af12b08cbee1c/multidict-6.4.3-cp313-cp313t-macosx_10_13_universal2.whl", hash = "sha256:be8751869e28b9c0d368d94f5afcb4234db66fe8496144547b4b6d6a0645cfc6", size = 68642 },
    { url = "https://files.pythonhosted.org/packages/85/45/f1a751e1eede30c23951e2ae274ce8fad738e8a3d5714be73e0a41b27b16/multidict-6.4.3-cp313-cp313t-macosx_10_13_x86_64.whl", hash = "sha256:0d4b31f8a68dccbcd2c0ea04f0e014f1defc6b78f0eb8b35f2265e8716a6df0c", size = 40028 },
    { url = "https://files.pythonhosted.org/packages/a7/29/fcc53e886a2cc5595cc4560df333cb9630257bda65003a7eb4e4e0d8f9c1/multidict-6.4.3-cp313-cp313t-macosx_11_0_arm64.whl", hash = "sha256:032efeab3049e37eef2ff91271884303becc9e54d740b492a93b7e7266e23756", size = 39424 },
    { url = "https://files.pythonhosted.org/packages/f6/f0/056c81119d8b88703971f937b371795cab1407cd3c751482de5bfe1a04a9/multidict-6.4.3-cp313-cp313t-manylinux_2_17_aarch64.manylinux2014_aarch64.whl", hash = "sha256:9e78006af1a7c8a8007e4f56629d7252668344442f66982368ac06522445e375", size = 226178 },
    { url = "https://files.pythonhosted.org/packages/a3/79/3b7e5fea0aa80583d3a69c9d98b7913dfd4fbc341fb10bb2fb48d35a9c21/multidict-6.4.3-cp313-cp313t-manylinux_2_17_armv7l.manylinux2014_armv7l.manylinux_2_31_armv7l.whl", hash = "sha256:daeac9dd30cda8703c417e4fddccd7c4dc0c73421a0b54a7da2713be125846be", size = 222617 },
    { url = "https://files.pythonhosted.org/packages/06/db/3ed012b163e376fc461e1d6a67de69b408339bc31dc83d39ae9ec3bf9578/multidict-6.4.3-cp313-cp313t-manylinux_2_17_ppc64le.manylinux2014_ppc64le.whl", hash = "sha256:1f6f90700881438953eae443a9c6f8a509808bc3b185246992c4233ccee37fea", size = 227919 },
    { url = "https://files.pythonhosted.org/packages/b1/db/0433c104bca380989bc04d3b841fc83e95ce0c89f680e9ea4251118b52b6/multidict-6.4.3-cp313-cp313t-manylinux_2_17_s390x.manylinux2014_s390x.whl", hash = "sha256:f84627997008390dd15762128dcf73c3365f4ec0106739cde6c20a07ed198ec8", size = 226097 },
    { url = "https://files.pythonhosted.org/packages/c2/95/910db2618175724dd254b7ae635b6cd8d2947a8b76b0376de7b96d814dab/multidict-6.4.3-cp313-cp313t-manylinux_2_17_x86_64.manylinux2014_x86_64.whl", hash = "sha256:3307b48cd156153b117c0ea54890a3bdbf858a5b296ddd40dc3852e5f16e9b02", size = 220706 },
    { url = "https://files.pythonhosted.org/packages/d1/af/aa176c6f5f1d901aac957d5258d5e22897fe13948d1e69063ae3d5d0ca01/multidict-6.4.3-cp313-cp313t-manylinux_2_5_i686.manylinux1_i686.manylinux_2_17_i686.manylinux2014_i686.whl", hash = "sha256:ead46b0fa1dcf5af503a46e9f1c2e80b5d95c6011526352fa5f42ea201526124", size = 211728 },
    { url = "https://files.pythonhosted.org/packages/e7/42/d51cc5fc1527c3717d7f85137d6c79bb7a93cd214c26f1fc57523774dbb5/multidict-6.4.3-cp313-cp313t-musllinux_1_2_aarch64.whl", hash = "sha256:1748cb2743bedc339d63eb1bca314061568793acd603a6e37b09a326334c9f44", size = 226276 },
    { url = "https://files.pythonhosted.org/packages/28/6b/d836dea45e0b8432343ba4acf9a8ecaa245da4c0960fb7ab45088a5e568a/multidict-6.4.3-cp313-cp313t-musllinux_1_2_armv7l.whl", hash = "sha256:acc9fa606f76fc111b4569348cc23a771cb52c61516dcc6bcef46d612edb483b", size = 212069 },
    { url = "https://files.pythonhosted.org/packages/55/34/0ee1a7adb3560e18ee9289c6e5f7db54edc312b13e5c8263e88ea373d12c/multidict-6.4.3-cp313-cp313t-musllinux_1_2_i686.whl", hash = "sha256:31469d5832b5885adeb70982e531ce86f8c992334edd2f2254a10fa3182ac504", size = 217858 },
    { url = "https://files.pythonhosted.org/packages/04/08/586d652c2f5acefe0cf4e658eedb4d71d4ba6dfd4f189bd81b400fc1bc6b/multidict-6.4.3-cp313-cp313t-musllinux_1_2_ppc64le.whl", hash = "sha256:ba46b51b6e51b4ef7bfb84b82f5db0dc5e300fb222a8a13b8cd4111898a869cf", size = 226988 },
    { url = "https://files.pythonhosted.org/packages/82/e3/cc59c7e2bc49d7f906fb4ffb6d9c3a3cf21b9f2dd9c96d05bef89c2b1fd1/multidict-6.4.3-cp313-cp313t-musllinux_1_2_s390x.whl", hash = "sha256:389cfefb599edf3fcfd5f64c0410da686f90f5f5e2c4d84e14f6797a5a337af4", size = 220435 },
    { url = "https://files.pythonhosted.org/packages/e0/32/5c3a556118aca9981d883f38c4b1bfae646f3627157f70f4068e5a648955/multidict-6.4.3-cp313-cp313t-musllinux_1_2_x86_64.whl", hash = "sha256:64bc2bbc5fba7b9db5c2c8d750824f41c6994e3882e6d73c903c2afa78d091e4", size = 221494 },
    { url = "https://files.pythonhosted.org/packages/b9/3b/1599631f59024b75c4d6e3069f4502409970a336647502aaf6b62fb7ac98/multidict-6.4.3-cp313-cp313t-win32.whl", hash = "sha256:0ecdc12ea44bab2807d6b4a7e5eef25109ab1c82a8240d86d3c1fc9f3b72efd5", size = 41775 },
    { url = "https://files.pythonhosted.org/packages/e8/4e/09301668d675d02ca8e8e1a3e6be046619e30403f5ada2ed5b080ae28d02/multidict-6.4.3-cp313-cp313t-win_amd64.whl", hash = "sha256:7146a8742ea71b5d7d955bffcef58a9e6e04efba704b52a460134fefd10a8208", size = 45946 },
    { url = "https://files.pythonhosted.org/packages/96/10/7d526c8974f017f1e7ca584c71ee62a638e9334d8d33f27d7cdfc9ae79e4/multidict-6.4.3-py3-none-any.whl", hash = "sha256:59fe01ee8e2a1e8ceb3f6dbb216b09c8d9f4ef1c22c4fc825d045a147fa2ebc9", size = 10400 },
]

[[package]]
name = "nodeenv"
version = "1.9.1"
source = { registry = "https://pypi.org/simple" }
sdist = { url = "https://files.pythonhosted.org/packages/43/16/fc88b08840de0e0a72a2f9d8c6bae36be573e475a6326ae854bcc549fc45/nodeenv-1.9.1.tar.gz", hash = "sha256:6ec12890a2dab7946721edbfbcd91f3319c6ccc9aec47be7c7e6b7011ee6645f", size = 47437 }
wheels = [
    { url = "https://files.pythonhosted.org/packages/d2/1d/1b658dbd2b9fa9c4c9f32accbfc0205d532c8c6194dc0f2a4c0428e7128a/nodeenv-1.9.1-py2.py3-none-any.whl", hash = "sha256:ba11c9782d29c27c70ffbdda2d7415098754709be8a7056d79a737cd901155c9", size = 22314 },
]

[[package]]
name = "nox"
version = "2025.2.9"
source = { registry = "https://pypi.org/simple" }
dependencies = [
    { name = "argcomplete" },
    { name = "attrs" },
    { name = "colorlog" },
    { name = "dependency-groups" },
    { name = "packaging" },
    { name = "virtualenv" },
]
sdist = { url = "https://files.pythonhosted.org/packages/0d/22/84a2d3442cb33e6fb1af18172a15deb1eea3f970417f1f4c5fa1600143e8/nox-2025.2.9.tar.gz", hash = "sha256:d50cd4ca568bd7621c2e6cbbc4845b3b7f7697f25d5fb0190ce8f4600be79768", size = 4021103 }
wheels = [
    { url = "https://files.pythonhosted.org/packages/57/ca/64e634c056cba463cac743735660a772ab78eb26ec9759e88de735f2cd27/nox-2025.2.9-py3-none-any.whl", hash = "sha256:7d1e92d1918c6980d70aee9cf1c1d19d16faa71c4afe338fffd39e8a460e2067", size = 71315 },
]

[[package]]
name = "packaging"
version = "25.0"
source = { registry = "https://pypi.org/simple" }
sdist = { url = "https://files.pythonhosted.org/packages/a1/d4/1fc4078c65507b51b96ca8f8c3ba19e6a61c8253c72794544580a7b6c24d/packaging-25.0.tar.gz", hash = "sha256:d443872c98d677bf60f6a1f2f8c1cb748e8fe762d2bf9d3148b5599295b0fc4f", size = 165727 }
wheels = [
    { url = "https://files.pythonhosted.org/packages/20/12/38679034af332785aac8774540895e234f4d07f7545804097de4b666afd8/packaging-25.0-py3-none-any.whl", hash = "sha256:29572ef2b1f17581046b3a2227d5c611fb25ec70ca1ba8554b24b0e69331a484", size = 66469 },
]

[[package]]
name = "platformdirs"
version = "4.3.7"
source = { registry = "https://pypi.org/simple" }
sdist = { url = "https://files.pythonhosted.org/packages/b6/2d/7d512a3913d60623e7eb945c6d1b4f0bddf1d0b7ada5225274c87e5b53d1/platformdirs-4.3.7.tar.gz", hash = "sha256:eb437d586b6a0986388f0d6f74aa0cde27b48d0e3d66843640bfb6bdcdb6e351", size = 21291 }
wheels = [
    { url = "https://files.pythonhosted.org/packages/6d/45/59578566b3275b8fd9157885918fcd0c4d74162928a5310926887b856a51/platformdirs-4.3.7-py3-none-any.whl", hash = "sha256:a03875334331946f13c549dbd8f4bac7a13a50a895a0eb1e8c6a8ace80d40a94", size = 18499 },
]

[[package]]
name = "pyright"
version = "1.1.400"
source = { registry = "https://pypi.org/simple" }
dependencies = [
    { name = "nodeenv" },
    { name = "typing-extensions" },
]
sdist = { url = "https://files.pythonhosted.org/packages/6c/cb/c306618a02d0ee8aed5fb8d0fe0ecfed0dbf075f71468f03a30b5f4e1fe0/pyright-1.1.400.tar.gz", hash = "sha256:b8a3ba40481aa47ba08ffb3228e821d22f7d391f83609211335858bf05686bdb", size = 3846546 }
wheels = [
    { url = "https://files.pythonhosted.org/packages/c8/a5/5d285e4932cf149c90e3c425610c5efaea005475d5f96f1bfdb452956c62/pyright-1.1.400-py3-none-any.whl", hash = "sha256:c80d04f98b5a4358ad3a35e241dbf2a408eee33a40779df365644f8054d2517e", size = 5563460 },
]

[[package]]
name = "ruff"
version = "0.11.7"
source = { registry = "https://pypi.org/simple" }
sdist = { url = "https://files.pythonhosted.org/packages/5b/89/6f9c9674818ac2e9cc2f2b35b704b7768656e6b7c139064fc7ba8fbc99f1/ruff-0.11.7.tar.gz", hash = "sha256:655089ad3224070736dc32844fde783454f8558e71f501cb207485fe4eee23d4", size = 4054861 }
wheels = [
    { url = "https://files.pythonhosted.org/packages/b4/ec/21927cb906c5614b786d1621dba405e3d44f6e473872e6df5d1a6bca0455/ruff-0.11.7-py3-none-linux_armv6l.whl", hash = "sha256:d29e909d9a8d02f928d72ab7837b5cbc450a5bdf578ab9ebee3263d0a525091c", size = 10245403 },
    { url = "https://files.pythonhosted.org/packages/e2/af/fec85b6c2c725bcb062a354dd7cbc1eed53c33ff3aa665165871c9c16ddf/ruff-0.11.7-py3-none-macosx_10_12_x86_64.whl", hash = "sha256:dd1fb86b168ae349fb01dd497d83537b2c5541fe0626e70c786427dd8363aaee", size = 11007166 },
    { url = "https://files.pythonhosted.org/packages/31/9a/2d0d260a58e81f388800343a45898fd8df73c608b8261c370058b675319a/ruff-0.11.7-py3-none-macosx_11_0_arm64.whl", hash = "sha256:d3d7d2e140a6fbbc09033bce65bd7ea29d6a0adeb90b8430262fbacd58c38ada", size = 10378076 },
    { url = "https://files.pythonhosted.org/packages/c2/c4/9b09b45051404d2e7dd6d9dbcbabaa5ab0093f9febcae664876a77b9ad53/ruff-0.11.7-py3-none-manylinux_2_17_aarch64.manylinux2014_aarch64.whl", hash = "sha256:4809df77de390a1c2077d9b7945d82f44b95d19ceccf0c287c56e4dc9b91ca64", size = 10557138 },
    { url = "https://files.pythonhosted.org/packages/5e/5e/f62a1b6669870a591ed7db771c332fabb30f83c967f376b05e7c91bccd14/ruff-0.11.7-py3-none-manylinux_2_17_armv7l.manylinux2014_armv7l.whl", hash = "sha256:f3a0c2e169e6b545f8e2dba185eabbd9db4f08880032e75aa0e285a6d3f48201", size = 10095726 },
    { url = "https://files.pythonhosted.org/packages/45/59/a7aa8e716f4cbe07c3500a391e58c52caf665bb242bf8be42c62adef649c/ruff-0.11.7-py3-none-manylinux_2_17_i686.manylinux2014_i686.whl", hash = "sha256:49b888200a320dd96a68e86736cf531d6afba03e4f6cf098401406a257fcf3d6", size = 11672265 },
    { url = "https://files.pythonhosted.org/packages/dd/e3/101a8b707481f37aca5f0fcc3e42932fa38b51add87bfbd8e41ab14adb24/ruff-0.11.7-py3-none-manylinux_2_17_ppc64.manylinux2014_ppc64.whl", hash = "sha256:2b19cdb9cf7dae00d5ee2e7c013540cdc3b31c4f281f1dacb5a799d610e90db4", size = 12331418 },
    { url = "https://files.pythonhosted.org/packages/dd/71/037f76cbe712f5cbc7b852e4916cd3cf32301a30351818d32ab71580d1c0/ruff-0.11.7-py3-none-manylinux_2_17_ppc64le.manylinux2014_ppc64le.whl", hash = "sha256:64e0ee994c9e326b43539d133a36a455dbaab477bc84fe7bfbd528abe2f05c1e", size = 11794506 },
    { url = "https://files.pythonhosted.org/packages/ca/de/e450b6bab1fc60ef263ef8fcda077fb4977601184877dce1c59109356084/ruff-0.11.7-py3-none-manylinux_2_17_s390x.manylinux2014_s390x.whl", hash = "sha256:bad82052311479a5865f52c76ecee5d468a58ba44fb23ee15079f17dd4c8fd63", size = 13939084 },
    { url = "https://files.pythonhosted.org/packages/0e/2c/1e364cc92970075d7d04c69c928430b23e43a433f044474f57e425cbed37/ruff-0.11.7-py3-none-manylinux_2_17_x86_64.manylinux2014_x86_64.whl", hash = "sha256:7940665e74e7b65d427b82bffc1e46710ec7f30d58b4b2d5016e3f0321436502", size = 11450441 },
    { url = "https://files.pythonhosted.org/packages/9d/7d/1b048eb460517ff9accd78bca0fa6ae61df2b276010538e586f834f5e402/ruff-0.11.7-py3-none-musllinux_1_2_aarch64.whl", hash = "sha256:169027e31c52c0e36c44ae9a9c7db35e505fee0b39f8d9fca7274a6305295a92", size = 10441060 },
    { url = "https://files.pythonhosted.org/packages/3a/57/8dc6ccfd8380e5ca3d13ff7591e8ba46a3b330323515a4996b991b10bd5d/ruff-0.11.7-py3-none-musllinux_1_2_armv7l.whl", hash = "sha256:305b93f9798aee582e91e34437810439acb28b5fc1fee6b8205c78c806845a94", size = 10058689 },
    { url = "https://files.pythonhosted.org/packages/23/bf/20487561ed72654147817885559ba2aa705272d8b5dee7654d3ef2dbf912/ruff-0.11.7-py3-none-musllinux_1_2_i686.whl", hash = "sha256:a681db041ef55550c371f9cd52a3cf17a0da4c75d6bd691092dfc38170ebc4b6", size = 11073703 },
    { url = "https://files.pythonhosted.org/packages/9d/27/04f2db95f4ef73dccedd0c21daf9991cc3b7f29901a4362057b132075aa4/ruff-0.11.7-py3-none-musllinux_1_2_x86_64.whl", hash = "sha256:07f1496ad00a4a139f4de220b0c97da6d4c85e0e4aa9b2624167b7d4d44fd6b6", size = 11532822 },
    { url = "https://files.pythonhosted.org/packages/e1/72/43b123e4db52144c8add336581de52185097545981ff6e9e58a21861c250/ruff-0.11.7-py3-none-win32.whl", hash = "sha256:f25dfb853ad217e6e5f1924ae8a5b3f6709051a13e9dad18690de6c8ff299e26", size = 10362436 },
    { url = "https://files.pythonhosted.org/packages/c5/a0/3e58cd76fdee53d5c8ce7a56d84540833f924ccdf2c7d657cb009e604d82/ruff-0.11.7-py3-none-win_amd64.whl", hash = "sha256:0a931d85959ceb77e92aea4bbedfded0a31534ce191252721128f77e5ae1f98a", size = 11566676 },
    { url = "https://files.pythonhosted.org/packages/68/ca/69d7c7752bce162d1516e5592b1cc6b6668e9328c0d270609ddbeeadd7cf/ruff-0.11.7-py3-none-win_arm64.whl", hash = "sha256:778c1e5d6f9e91034142dfd06110534ca13220bfaad5c3735f6cb844654f6177", size = 10677936 },
]

[[package]]
name = "sanic"
version = "25.3.0"
source = { registry = "https://pypi.org/simple" }
dependencies = [
    { name = "aiofiles" },
    { name = "html5tagger" },
    { name = "httptools" },
    { name = "multidict" },
    { name = "sanic-routing" },
    { name = "setuptools" },
    { name = "tracerite" },
    { name = "typing-extensions" },
    { name = "ujson", marker = "implementation_name == 'cpython' and sys_platform != 'win32'" },
    { name = "uvloop", marker = "implementation_name == 'cpython' and sys_platform != 'win32'" },
    { name = "websockets" },
]
sdist = { url = "https://files.pythonhosted.org/packages/df/8b/08dc376390fe854ef32984973883b646ee68c6727da72ffcc65340d8f192/sanic-25.3.0.tar.gz", hash = "sha256:775d522001ec81f034ec8e4d7599e2175bfc097b8d57884f5e4c9322f5e369bb", size = 353027 }
wheels = [
    { url = "https://files.pythonhosted.org/packages/a6/e1/b36ddc16862d63d22986ae21b04a79c8fb7ec48d5d664acdfd1c2acf78ac/sanic-25.3.0-py3-none-any.whl", hash = "sha256:fb519b38b4c220569b0e2e868583ffeaffaab96a78b2e42ae78bc56a644a4cd7", size = 246416 },
]

[[package]]
name = "sanic-routing"
version = "23.12.0"
source = { registry = "https://pypi.org/simple" }
sdist = { url = "https://files.pythonhosted.org/packages/d1/5c/2a7edd14fbccca3719a8d680951d4b25f986752c781c61ccf156a6d1ebff/sanic-routing-23.12.0.tar.gz", hash = "sha256:1dcadc62c443e48c852392dba03603f9862b6197fc4cba5bbefeb1ace0848b04", size = 29473 }
wheels = [
    { url = "https://files.pythonhosted.org/packages/cf/e3/3425c9a8773807ac2c01d6a56c8521733f09b627e5827e733c5cd36b9ac5/sanic_routing-23.12.0-py3-none-any.whl", hash = "sha256:1558a72afcb9046ed3134a5edae02fc1552cff08f0fff2e8d5de0877ea43ed73", size = 25522 },
]

[[package]]
name = "setuptools"
version = "80.0.0"
source = { registry = "https://pypi.org/simple" }
sdist = { url = "https://files.pythonhosted.org/packages/44/80/97e25f0f1e4067677806084b7382a6ff9979f3d15119375c475c288db9d7/setuptools-80.0.0.tar.gz", hash = "sha256:c40a5b3729d58dd749c0f08f1a07d134fb8a0a3d7f87dc33e7c5e1f762138650", size = 1354221 }
wheels = [
    { url = "https://files.pythonhosted.org/packages/23/63/5517029d6696ddf2bd378d46f63f479be001c31b462303170a1da57650cb/setuptools-80.0.0-py3-none-any.whl", hash = "sha256:a38f898dcd6e5380f4da4381a87ec90bd0a7eec23d204a5552e80ee3cab6bd27", size = 1240907 },
]

[[package]]
name = "tracerite"
version = "1.1.1"
source = { registry = "https://pypi.org/simple" }
dependencies = [
    { name = "html5tagger" },
]
sdist = { url = "https://files.pythonhosted.org/packages/b3/82/9372199dd72b02e8f3cf3143096ed453f010668a8e2cbe9cd59b116da3de/tracerite-1.1.1.tar.gz", hash = "sha256:6400a35a187747189e4bb8d4a8e471bd86d14dbdcc94bcad23f4eda023f41356", size = 269462 }
wheels = [
    { url = "https://files.pythonhosted.org/packages/4e/71/127927fdd41dd577fd946c319cf9c012366f3ff9f048d0b0689dc72819ef/tracerite-1.1.1-py3-none-any.whl", hash = "sha256:3a787a9ecb1a136ea9ce17e6328e414ec414a4f644130af4e1e330bec2dece29", size = 12301 },
]

[[package]]
name = "typing-extensions"
version = "4.13.2"
source = { registry = "https://pypi.org/simple" }
sdist = { url = "https://files.pythonhosted.org/packages/f6/37/23083fcd6e35492953e8d2aaaa68b860eb422b34627b13f2ce3eb6106061/typing_extensions-4.13.2.tar.gz", hash = "sha256:e6c81219bd689f51865d9e372991c540bda33a0379d5573cddb9a3a23f7caaef", size = 106967 }
wheels = [
    { url = "https://files.pythonhosted.org/packages/8b/54/b1ae86c0973cc6f0210b53d508ca3641fb6d0c56823f288d108bc7ab3cc8/typing_extensions-4.13.2-py3-none-any.whl", hash = "sha256:a439e7c04b49fec3e5d3e2beaa21755cadbbdc391694e28ccdd36ca4a1408f8c", size = 45806 },
]

[[package]]
name = "ujson"
version = "5.10.0"
source = { registry = "https://pypi.org/simple" }
sdist = { url = "https://files.pythonhosted.org/packages/f0/00/3110fd566786bfa542adb7932d62035e0c0ef662a8ff6544b6643b3d6fd7/ujson-5.10.0.tar.gz", hash = "sha256:b3cd8f3c5d8c7738257f1018880444f7b7d9b66232c64649f562d7ba86ad4bc1", size = 7154885 }
wheels = [
    { url = "https://files.pythonhosted.org/packages/0d/69/b3e3f924bb0e8820bb46671979770c5be6a7d51c77a66324cdb09f1acddb/ujson-5.10.0-cp313-cp313-macosx_10_9_x86_64.whl", hash = "sha256:618efd84dc1acbd6bff8eaa736bb6c074bfa8b8a98f55b61c38d4ca2c1f7f287", size = 55646 },
    { url = "https://files.pythonhosted.org/packages/32/8a/9b748eb543c6cabc54ebeaa1f28035b1bd09c0800235b08e85990734c41e/ujson-5.10.0-cp313-cp313-macosx_11_0_arm64.whl", hash = "sha256:38d5d36b4aedfe81dfe251f76c0467399d575d1395a1755de391e58985ab1c2e", size = 51806 },
    { url = "https://files.pythonhosted.org/packages/39/50/4b53ea234413b710a18b305f465b328e306ba9592e13a791a6a6b378869b/ujson-5.10.0-cp313-cp313-manylinux_2_17_aarch64.manylinux2014_aarch64.whl", hash = "sha256:67079b1f9fb29ed9a2914acf4ef6c02844b3153913eb735d4bf287ee1db6e557", size = 51975 },
    { url = "https://files.pythonhosted.org/packages/b4/9d/8061934f960cdb6dd55f0b3ceeff207fcc48c64f58b43403777ad5623d9e/ujson-5.10.0-cp313-cp313-manylinux_2_17_x86_64.manylinux2014_x86_64.whl", hash = "sha256:d7d0e0ceeb8fe2468c70ec0c37b439dd554e2aa539a8a56365fd761edb418988", size = 53693 },
    { url = "https://files.pythonhosted.org/packages/f5/be/7bfa84b28519ddbb67efc8410765ca7da55e6b93aba84d97764cd5794dbc/ujson-5.10.0-cp313-cp313-manylinux_2_5_i686.manylinux1_i686.manylinux_2_17_i686.manylinux2014_i686.whl", hash = "sha256:59e02cd37bc7c44d587a0ba45347cc815fb7a5fe48de16bf05caa5f7d0d2e816", size = 58594 },
    { url = "https://files.pythonhosted.org/packages/48/eb/85d465abafb2c69d9699cfa5520e6e96561db787d36c677370e066c7e2e7/ujson-5.10.0-cp313-cp313-musllinux_1_2_aarch64.whl", hash = "sha256:2a890b706b64e0065f02577bf6d8ca3b66c11a5e81fb75d757233a38c07a1f20", size = 997853 },
    { url = "https://files.pythonhosted.org/packages/9f/76/2a63409fc05d34dd7d929357b7a45e3a2c96f22b4225cd74becd2ba6c4cb/ujson-5.10.0-cp313-cp313-musllinux_1_2_i686.whl", hash = "sha256:621e34b4632c740ecb491efc7f1fcb4f74b48ddb55e65221995e74e2d00bbff0", size = 1140694 },
    { url = "https://files.pythonhosted.org/packages/45/ed/582c4daba0f3e1688d923b5cb914ada1f9defa702df38a1916c899f7c4d1/ujson-5.10.0-cp313-cp313-musllinux_1_2_x86_64.whl", hash = "sha256:b9500e61fce0cfc86168b248104e954fead61f9be213087153d272e817ec7b4f", size = 1043580 },
]

[[package]]
name = "uvloop"
version = "0.21.0"
source = { registry = "https://pypi.org/simple" }
sdist = { url = "https://files.pythonhosted.org/packages/af/c0/854216d09d33c543f12a44b393c402e89a920b1a0a7dc634c42de91b9cf6/uvloop-0.21.0.tar.gz", hash = "sha256:3bf12b0fda68447806a7ad847bfa591613177275d35b6724b1ee573faa3704e3", size = 2492741 }
wheels = [
    { url = "https://files.pythonhosted.org/packages/3f/8d/2cbef610ca21539f0f36e2b34da49302029e7c9f09acef0b1c3b5839412b/uvloop-0.21.0-cp313-cp313-macosx_10_13_universal2.whl", hash = "sha256:bfd55dfcc2a512316e65f16e503e9e450cab148ef11df4e4e679b5e8253a5281", size = 1468123 },
    { url = "https://files.pythonhosted.org/packages/93/0d/b0038d5a469f94ed8f2b2fce2434a18396d8fbfb5da85a0a9781ebbdec14/uvloop-0.21.0-cp313-cp313-macosx_10_13_x86_64.whl", hash = "sha256:787ae31ad8a2856fc4e7c095341cccc7209bd657d0e71ad0dc2ea83c4a6fa8af", size = 819325 },
    { url = "https://files.pythonhosted.org/packages/50/94/0a687f39e78c4c1e02e3272c6b2ccdb4e0085fda3b8352fecd0410ccf915/uvloop-0.21.0-cp313-cp313-manylinux_2_17_aarch64.manylinux2014_aarch64.whl", hash = "sha256:5ee4d4ef48036ff6e5cfffb09dd192c7a5027153948d85b8da7ff705065bacc6", size = 4582806 },
    { url = "https://files.pythonhosted.org/packages/d2/19/f5b78616566ea68edd42aacaf645adbf71fbd83fc52281fba555dc27e3f1/uvloop-0.21.0-cp313-cp313-manylinux_2_17_x86_64.manylinux2014_x86_64.whl", hash = "sha256:f3df876acd7ec037a3d005b3ab85a7e4110422e4d9c1571d4fc89b0fc41b6816", size = 4701068 },
    { url = "https://files.pythonhosted.org/packages/47/57/66f061ee118f413cd22a656de622925097170b9380b30091b78ea0c6ea75/uvloop-0.21.0-cp313-cp313-musllinux_1_2_aarch64.whl", hash = "sha256:bd53ecc9a0f3d87ab847503c2e1552b690362e005ab54e8a48ba97da3924c0dc", size = 4454428 },
    { url = "https://files.pythonhosted.org/packages/63/9a/0962b05b308494e3202d3f794a6e85abe471fe3cafdbcf95c2e8c713aabd/uvloop-0.21.0-cp313-cp313-musllinux_1_2_x86_64.whl", hash = "sha256:a5c39f217ab3c663dc699c04cbd50c13813e31d917642d459fdcec07555cc553", size = 4660018 },
]

[[package]]
name = "virtualenv"
version = "20.30.0"
source = { registry = "https://pypi.org/simple" }
dependencies = [
    { name = "distlib" },
    { name = "filelock" },
    { name = "platformdirs" },
]
sdist = { url = "https://files.pythonhosted.org/packages/38/e0/633e369b91bbc664df47dcb5454b6c7cf441e8f5b9d0c250ce9f0546401e/virtualenv-20.30.0.tar.gz", hash = "sha256:800863162bcaa5450a6e4d721049730e7f2dae07720e0902b0e4040bd6f9ada8", size = 4346945 }
wheels = [
    { url = "https://files.pythonhosted.org/packages/4c/ed/3cfeb48175f0671ec430ede81f628f9fb2b1084c9064ca67ebe8c0ed6a05/virtualenv-20.30.0-py3-none-any.whl", hash = "sha256:e34302959180fca3af42d1800df014b35019490b119eba981af27f2fa486e5d6", size = 4329461 },
]

[[package]]
name = "websockets"
version = "15.0.1"
source = { registry = "https://pypi.org/simple" }
sdist = { url = "https://files.pythonhosted.org/packages/21/e6/26d09fab466b7ca9c7737474c52be4f76a40301b08362eb2dbc19dcc16c1/websockets-15.0.1.tar.gz", hash = "sha256:82544de02076bafba038ce055ee6412d68da13ab47f0c60cab827346de828dee", size = 177016 }
wheels = [
    { url = "https://files.pythonhosted.org/packages/cb/9f/51f0cf64471a9d2b4d0fc6c534f323b664e7095640c34562f5182e5a7195/websockets-15.0.1-cp313-cp313-macosx_10_13_universal2.whl", hash = "sha256:ee443ef070bb3b6ed74514f5efaa37a252af57c90eb33b956d35c8e9c10a1931", size = 175440 },
    { url = "https://files.pythonhosted.org/packages/8a/05/aa116ec9943c718905997412c5989f7ed671bc0188ee2ba89520e8765d7b/websockets-15.0.1-cp313-cp313-macosx_10_13_x86_64.whl", hash = "sha256:5a939de6b7b4e18ca683218320fc67ea886038265fd1ed30173f5ce3f8e85675", size = 173098 },
    { url = "https://files.pythonhosted.org/packages/ff/0b/33cef55ff24f2d92924923c99926dcce78e7bd922d649467f0eda8368923/websockets-15.0.1-cp313-cp313-macosx_11_0_arm64.whl", hash = "sha256:746ee8dba912cd6fc889a8147168991d50ed70447bf18bcda7039f7d2e3d9151", size = 173329 },
    { url = "https://files.pythonhosted.org/packages/31/1d/063b25dcc01faa8fada1469bdf769de3768b7044eac9d41f734fd7b6ad6d/websockets-15.0.1-cp313-cp313-manylinux_2_17_aarch64.manylinux2014_aarch64.whl", hash = "sha256:595b6c3969023ecf9041b2936ac3827e4623bfa3ccf007575f04c5a6aa318c22", size = 183111 },
    { url = "https://files.pythonhosted.org/packages/93/53/9a87ee494a51bf63e4ec9241c1ccc4f7c2f45fff85d5bde2ff74fcb68b9e/websockets-15.0.1-cp313-cp313-manylinux_2_5_i686.manylinux1_i686.manylinux_2_17_i686.manylinux2014_i686.whl", hash = "sha256:3c714d2fc58b5ca3e285461a4cc0c9a66bd0e24c5da9911e30158286c9b5be7f", size = 182054 },
    { url = "https://files.pythonhosted.org/packages/ff/b2/83a6ddf56cdcbad4e3d841fcc55d6ba7d19aeb89c50f24dd7e859ec0805f/websockets-15.0.1-cp313-cp313-manylinux_2_5_x86_64.manylinux1_x86_64.manylinux_2_17_x86_64.manylinux2014_x86_64.whl", hash = "sha256:0f3c1e2ab208db911594ae5b4f79addeb3501604a165019dd221c0bdcabe4db8", size = 182496 },
    { url = "https://files.pythonhosted.org/packages/98/41/e7038944ed0abf34c45aa4635ba28136f06052e08fc2168520bb8b25149f/websockets-15.0.1-cp313-cp313-musllinux_1_2_aarch64.whl", hash = "sha256:229cf1d3ca6c1804400b0a9790dc66528e08a6a1feec0d5040e8b9eb14422375", size = 182829 },
    { url = "https://files.pythonhosted.org/packages/e0/17/de15b6158680c7623c6ef0db361da965ab25d813ae54fcfeae2e5b9ef910/websockets-15.0.1-cp313-cp313-musllinux_1_2_i686.whl", hash = "sha256:756c56e867a90fb00177d530dca4b097dd753cde348448a1012ed6c5131f8b7d", size = 182217 },
    { url = "https://files.pythonhosted.org/packages/33/2b/1f168cb6041853eef0362fb9554c3824367c5560cbdaad89ac40f8c2edfc/websockets-15.0.1-cp313-cp313-musllinux_1_2_x86_64.whl", hash = "sha256:558d023b3df0bffe50a04e710bc87742de35060580a293c2a984299ed83bc4e4", size = 182195 },
    { url = "https://files.pythonhosted.org/packages/86/eb/20b6cdf273913d0ad05a6a14aed4b9a85591c18a987a3d47f20fa13dcc47/websockets-15.0.1-cp313-cp313-win32.whl", hash = "sha256:ba9e56e8ceeeedb2e080147ba85ffcd5cd0711b89576b83784d8605a7df455fa", size = 176393 },
    { url = "https://files.pythonhosted.org/packages/1b/6c/c65773d6cab416a64d191d6ee8a8b1c68a09970ea6909d16965d26bfed1e/websockets-15.0.1-cp313-cp313-win_amd64.whl", hash = "sha256:e09473f095a819042ecb2ab9465aee615bd9c2028e4ef7d933600a8401c79561", size = 176837 },
    { url = "https://files.pythonhosted.org/packages/fa/a8/5b41e0da817d64113292ab1f8247140aac61cbf6cfd085d6a0fa77f4984f/websockets-15.0.1-py3-none-any.whl", hash = "sha256:f7a866fbc1e97b5c617ee4116daaa09b722101d4a3c170c787450ba409f9736f", size = 169743 },
]
